
Microsoft Visual Studio Solution File, Format Version 12.00
# Visual Studio Version 17
VisualStudioVersion = 17.10.35122.118
MinimumVisualStudioVersion = 10.0.40219.1
Project("{FAE04EC0-301F-11D3-BF4B-00C04F79EFBC}") = "AppSerialization", "AppSerialization\AppSerialization.csproj", "{BEF24FF3-D394-4EFD-92F5-DCB5D87C13FC}"
EndProject
Global
	GlobalSection(SolutionConfigurationPlatforms) = preSolution
		Debug|Any CPU = Debug|Any CPU
		Release|Any CPU = Release|Any CPU
	EndGlobalSection
	GlobalSection(ProjectConfigurationPlatforms) = postSolution
		{BEF24FF3-D394-4EFD-92F5-DCB5D87C13FC}.Debug|Any CPU.ActiveCfg = Debug|Any CPU
		{BEF24FF3-D394-4EFD-92F5-DCB5D87C13FC}.Debug|Any CPU.Build.0 = Debug|Any CPU
		{BEF24FF3-D394-4EFD-92F5-DCB5D87C13FC}.Release|Any CPU.ActiveCfg = Release|Any CPU
		{BEF24FF3-D394-4EFD-92F5-DCB5D87C13FC}.Release|Any CPU.Build.0 = Release|Any CPU
	EndGlobalSection
	GlobalSection(SolutionProperties) = preSolution
		HideSolutionNode = FALSE
	EndGlobalSection
	GlobalSection(ExtensibilityGlobals) = postSolution
		SolutionGuid = {76120354-AB13-480F-8020-C4DDE01CD390}
	EndGlobalSection
EndGlobal
